Microsoft Visual Studio Solution File, Format Version 12.00
# Visual Studio Version 17
VisualStudioVersion = 17.5.2.0
MinimumVisualStudioVersion = 10.0.40219.1
Project("{FAE04EC0-301F-11D3-BF4B-00C04F79EFBC}") = "shooterx", "shooterx.csproj", "{621875F8-FDB7-F16D-7B6D-8C797DEF3522}"
EndProject
Global
	GlobalSection(SolutionConfigurationPlatforms) = preSolution
		Debug|Any CPU = Debug|Any CPU
		Release|Any CPU = Release|Any CPU
	EndGlobalSection
	GlobalSection(ProjectConfigurationPlatforms) = postSolution
		{621875F8-FDB7-F16D-7B6D-8C797DEF3522}.Debug|Any CPU.ActiveCfg = Debug|Any CPU
		{621875F8-FDB7-F16D-7B6D-8C797DEF3522}.Debug|Any CPU.Build.0 = Debug|Any CPU
		{621875F8-FDB7-F16D-7B6D-8C797DEF3522}.Release|Any CPU.ActiveCfg = Release|Any CPU
		{621875F8-FDB7-F16D-7B6D-8C797DEF3522}.Release|Any CPU.Build.0 = Release|Any CPU
	EndGlobalSection
	GlobalSection(SolutionProperties) = preSolution
		HideSolutionNode = FALSE
	EndGlobalSection
	GlobalSection(ExtensibilityGlobals) = postSolution
		SolutionGuid = {20F09360-4383-491F-A5E0-03B64111E3D7}
	EndGlobalSection
EndGlobal
